
Microsoft Visual Studio Solution File, Format Version 12.00
# Visual Studio Version 17
VisualStudioVersion = 17.8.34316.72
MinimumVisualStudioVersion = 10.0.40219.1
Project("{FAE04EC0-301F-11D3-BF4B-00C04F79EFBC}") = "HotelReservation", "HotelReservation.csproj", "{8FC073BE-E5DB-48F9-9D5A-09DCCD65787D}"
EndProject
Global
	GlobalSection(SolutionConfigurationPlatforms) = preSolution
		Debug|Any CPU = Debug|Any CPU
		Release|Any CPU = Release|Any CPU
	EndGlobalSection
	GlobalSection(ProjectConfigurationPlatforms) = postSolution
		{8FC073BE-E5DB-48F9-9D5A-09DCCD65787D}.Debug|Any CPU.ActiveCfg = Debug|Any CPU
		{8FC073BE-E5DB-48F9-9D5A-09DCCD65787D}.Debug|Any CPU.Build.0 = Debug|Any CPU
		{8FC073BE-E5DB-48F9-9D5A-09DCCD65787D}.Release|Any CPU.ActiveCfg = Release|Any CPU
		{8FC073BE-E5DB-48F9-9D5A-09DCCD65787D}.Release|Any CPU.Build.0 = Release|Any CPU
	EndGlobalSection
	GlobalSection(SolutionProperties) = preSolution
		HideSolutionNode = FALSE
	EndGlobalSection
	GlobalSection(ExtensibilityGlobals) = postSolution
		SolutionGuid = {421F5ACE-6E53-4F4A-A177-5E6EAE5583A7}
	EndGlobalSection
EndGlobal
